
Microsoft Visual Studio Solution File, Format Version 12.00
# Visual Studio Version 17
VisualStudioVersion = 17.6.33723.286
MinimumVisualStudioVersion = 10.0.40219.1
Project("{9A19103F-16F7-4668-BE54-9A1E7A4F7556}") = "ClockPlus", "ClockPlus\ClockPlus.csproj", "{C47115CD-AE31-4F4D-82B0-14E27B105E9F}"
EndProject
Project("{9A19103F-16F7-4668-BE54-9A1E7A4F7556}") = "ClockLib", "..\ClockLib\ClockLib\ClockLib\ClockLib.csproj", "{86AA2764-43EB-4256-957A-830A975B52CF}"
EndProject
Global
	GlobalSection(SolutionConfigurationPlatforms) = preSolution
		Debug|Any CPU = Debug|Any CPU
		Release|Any CPU = Release|Any CPU
	EndGlobalSection
	GlobalSection(ProjectConfigurationPlatforms) = postSolution
		{C47115CD-AE31-4F4D-82B0-14E27B105E9F}.Debug|Any CPU.ActiveCfg = Debug|Any CPU
		{C47115CD-AE31-4F4D-82B0-14E27B105E9F}.Debug|Any CPU.Build.0 = Debug|Any CPU
		{C47115CD-AE31-4F4D-82B0-14E27B105E9F}.Release|Any CPU.ActiveCfg = Release|Any CPU
		{C47115CD-AE31-4F4D-82B0-14E27B105E9F}.Release|Any CPU.Build.0 = Release|Any CPU
		{86AA2764-43EB-4256-957A-830A975B52CF}.Debug|Any CPU.ActiveCfg = Debug|Any CPU
		{86AA2764-43EB-4256-957A-830A975B52CF}.Debug|Any CPU.Build.0 = Debug|Any CPU
		{86AA2764-43EB-4256-957A-830A975B52CF}.Release|Any CPU.ActiveCfg = Release|Any CPU
		{86AA2764-43EB-4256-957A-830A975B52CF}.Release|Any CPU.Build.0 = Release|Any CPU
	EndGlobalSection
	GlobalSection(SolutionProperties) = preSolution
		HideSolutionNode = FALSE
	EndGlobalSection
	GlobalSection(ExtensibilityGlobals) = postSolution
		SolutionGuid = {664F7BB8-7F00-4DE7-ACDB-540C9CDDCED8}
	EndGlobalSection
EndGlobal
